// !$*UTF8*$!
{
	archiveVersion = 1;
	classes = {
	};
	objectVersion = 52;
	objects = {

/* Begin PBXBuildFile section */
		D753144C2660E1D600477790 /* AppDelegate.swift in Sources */ = {isa = PBXBuildFile; fileRef = D753144B2660E1D600477790 /* AppDelegate.swift */; };
		D75314502660E1D600477790 /* ViewController.swift in Sources */ = {isa = PBXBuildFile; fileRef = D753144F2660E1D600477790 /* ViewController.swift */; };
		D75314532660E1D600477790 /* Main.storyboard in Resources */ = {isa = PBXBuildFile; fileRef = D75314512660E1D600477790 /* Main.storyboard */; };
		D75314552660E1D700477790 /* Assets.xcassets in Resources */ = {isa = PBXBuildFile; fileRef = D75314542660E1D700477790 /* Assets.xcassets */; };
		D75314582660E1D700477790 /* LaunchScreen.storyboard in Resources */ = {isa = PBXBuildFile; fileRef = D75314562660E1D700477790 /* LaunchScreen.storyboard */; };
		D7BD761B2665078A00A28158 /* GIAppDebugConsole in Frameworks */ = {isa = PBXBuildFile; productRef = D7BD761A2665078A00A28158 /* GIAppDebugConsole */; };
		D7BD769C26676D0E00A28158 /* AppDelegate+DebugConsole.swift in Sources */ = {isa = PBXBuildFile; fileRef = D7BD769B26676D0E00A28158 /* AppDelegate+DebugConsole.swift */; };
/* End PBXBuildFile section */

/* Begin PBXFileReference section */
		D75314482660E1D600477790 /* GIConsoleExample.app */ = {isa = PBXFileReference; explicitFileType = wrapper.application; includeInIndex = 0; path = GIConsoleExample.app; sourceTree = BUILT_PRODUCTS_DIR; };
		D753144B2660E1D600477790 /* AppDelegate.swift */ = {isa = PBXFileReference; lastKnownFileType = sourcecode.swift; path = AppDelegate.swift; sourceTree = "<group>"; };
		D753144F2660E1D600477790 /* ViewController.swift */ = {isa = PBXFileReference; lastKnownFileType = sourcecode.swift; path = ViewController.swift; sourceTree = "<group>"; };
		D75314522660E1D600477790 /* Base */ = {isa = PBXFileReference; lastKnownFileType = file.storyboard; name = Base; path = Base.lproj/Main.storyboard; sourceTree = "<group>"; };
		D75314542660E1D700477790 /* Assets.xcassets */ = {isa = PBXFileReference; lastKnownFileType = folder.assetcatalog; path = Assets.xcassets; sourceTree = "<group>"; };
		D75314572660E1D700477790 /* Base */ = {isa = PBXFileReference; lastKnownFileType = file.storyboard; name = Base; path = Base.lproj/LaunchScreen.storyboard; sourceTree = "<group>"; };
		D75314592660E1D700477790 /* Info.plist */ = {isa = PBXFileReference; lastKnownFileType = text.plist.xml; path = Info.plist; sourceTree = "<group>"; };
		D7BD769B26676D0E00A28158 /* AppDelegate+DebugConsole.swift */ = {isa = PBXFileReference; lastKnownFileType = sourcecode.swift; path = "AppDelegate+DebugConsole.swift"; sourceTree = "<group>"; };
/* End PBXFileReference section */

/* Begin PBXFrameworksBuildPhase section */
		D75314452660E1D600477790 /* Frameworks */ = {
			isa = PBXFrameworksBuildPhase;
			buildActionMask = 2147483647;
			files = (
				D7BD761B2665078A00A28158 /* GIAppDebugConsole in Frameworks */,
			);
			runOnlyForDeploymentPostprocessing = 0;
		};
/* End PBXFrameworksBuildPhase section */

/* Begin PBXGroup section */
		D753143F2660E1D600477790 = {
			isa = PBXGroup;
			children = (
				D753144A2660E1D600477790 /* GIConsoleExample */,
				D75314492660E1D600477790 /* Products */,
				D7BD7616266500E800A28158 /* Frameworks */,
			);
			sourceTree = "<group>";
		};
		D75314492660E1D600477790 /* Products */ = {
			isa = PBXGroup;
			children = (
				D75314482660E1D600477790 /* GIConsoleExample.app */,
			);
			name = Products;
			sourceTree = "<group>";
		};
		D753144A2660E1D600477790 /* GIConsoleExample */ = {
			isa = PBXGroup;
			children = (
				D753144B2660E1D600477790 /* AppDelegate.swift */,
				D7BD769B26676D0E00A28158 /* AppDelegate+DebugConsole.swift */,
				D753144F2660E1D600477790 /* ViewController.swift */,
				D75314512660E1D600477790 /* Main.storyboard */,
				D75314542660E1D700477790 /* Assets.xcassets */,
				D75314562660E1D700477790 /* LaunchScreen.storyboard */,
				D75314592660E1D700477790 /* Info.plist */,
			);
			path = GIConsoleExample;
			sourceTree = "<group>";
		};
		D7BD7616266500E800A28158 /* Frameworks */ = {
			isa = PBXGroup;
			children = (
			);
			name = Frameworks;
			sourceTree = "<group>";
		};
/* End PBXGroup section */

/* Begin PBXNativeTarget section */
		D75314472660E1D600477790 /* GIConsoleExample */ = {
			isa = PBXNativeTarget;
			buildConfigurationList = D753145C2660E1D700477790 /* Build configuration list for PBXNativeTarget "GIConsoleExample" */;
			buildPhases = (
				D75314442660E1D600477790 /* Sources */,
				D75314452660E1D600477790 /* Frameworks */,
				D75314462660E1D600477790 /* Resources */,
			);
			buildRules = (
			);
			dependencies = (
			);
			name = GIConsoleExample;
			packageProductDependencies = (
				D7BD761A2665078A00A28158 /* GIAppDebugConsole */,
			);
			productName = GIConsoleExample;
			productReference = D75314482660E1D600477790 /* GIConsoleExample.app */;
			productType = "com.apple.product-type.application";
		};
/* End PBXNativeTarget section */

/* Begin PBXProject section */
		D75314402660E1D600477790 /* Project object */ = {
			isa = PBXProject;
			attributes = {
				LastSwiftUpdateCheck = 1250;
				LastUpgradeCheck = 1250;
				TargetAttributes = {
					D75314472660E1D600477790 = {
						CreatedOnToolsVersion = 12.5;
					};
				};
			};
			buildConfigurationList = D75314432660E1D600477790 /* Build configuration list for PBXProject "GIConsoleExample" */;
			compatibilityVersion = "Xcode 9.3";
			developmentRegion = en;
			hasScannedForEncodings = 0;
			knownRegions = (
				en,
				Base,
			);
			mainGroup = D753143F2660E1D600477790;
			packageReferences = (
				D7BD76192665078A00A28158 /* XCRemoteSwiftPackageReference "GIAppDebugConsole" */,
			);
			productRefGroup = D75314492660E1D600477790 /* Products */;
			projectDirPath = "";
			projectRoot = "";
			targets = (
				D75314472660E1D600477790 /* GIConsoleExample */,
			);
		};
/* End PBXProject section */

/* Begin PBXResourcesBuildPhase section */
		D75314462660E1D600477790 /* Resources */ = {
			isa = PBXResourcesBuildPhase;
			buildActionMask = 2147483647;
			files = (
				D75314582660E1D700477790 /* LaunchScreen.storyboard in Resources */,
				D75314552660E1D700477790 /* Assets.xcassets in Resources */,
				D75314532660E1D600477790 /* Main.storyboard in Resources */,
			);
			runOnlyForDeploymentPostprocessing = 0;
		};
/* End PBXResourcesBuildPhase section */

/* Begin PBXSourcesBuildPhase section */
		D75314442660E1D600477790 /* Sources */ = {
			isa = PBXSourcesBuildPhase;
			buildActionMask = 2147483647;
			files = (
				D75314502660E1D600477790 /* ViewController.swift in Sources */,
				D7BD769C26676D0E00A28158 /* AppDelegate+DebugConsole.swift in Sources */,
				D753144C2660E1D600477790 /* AppDelegate.swift in Sources */,
			);
			runOnlyForDeploymentPostprocessing = 0;
		};
/* End PBXSourcesBuildPhase section */

/* Begin PBXVariantGroup section */
		D75314512660E1D600477790 /* Main.storyboard */ = {
			isa = PBXVariantGroup;
			children = (
				D75314522660E1D600477790 /* Base */,
			);
			name = Main.storyboard;
			sourceTree = "<group>";
		};
		D75314562660E1D700477790 /* LaunchScreen.storyboard */ = {
			isa = PBXVariantGroup;
			children = (
				D75314572660E1D700477790 /* Base */,
			);
			name = LaunchScreen.storyboard;
			sourceTree = "<group>";
		};
/* End PBXVariantGroup section */

/* Begin XCBuildConfiguration section */
		D753145A2660E1D700477790 /* Debug */ = {
			isa = XCBuildConfiguration;
			buildSettings = {
				ALWAYS_SEARCH_USER_PATHS = NO;
				CLANG_ANALYZER_NONNULL = YES;
				CLANG_ANALYZER_NUMBER_OBJECT_CONVERSION = YES_AGGRESSIVE;
				CLANG_CXX_LANGUAGE_STANDARD = "gnu++14";
				CLANG_CXX_LIBRARY = "libc++";
				CLANG_ENABLE_MODULES = YES;
				CLANG_ENABLE_OBJC_ARC = YES;
				CLANG_ENABLE_OBJC_WEAK = YES;
				CLANG_WARN_BLOCK_CAPTURE_AUTORELEASING = YES;
				CLANG_WARN_BOOL_CONVERSION = YES;
				CLANG_WARN_COMMA = YES;
				CLANG_WARN_CONSTANT_CONVERSION = YES;
				CLANG_WARN_DEPRECATED_OBJC_IMPLEMENTATIONS = YES;
				CLANG_WARN_DIRECT_OBJC_ISA_USAGE = YES_ERROR;
				CLANG_WARN_DOCUMENTATION_COMMENTS = YES;
				CLANG_WARN_EMPTY_BODY = YES;
				CLANG_WARN_ENUM_CONVERSION = YES;
				CLANG_WARN_INFINITE_RECURSION = YES;
				CLANG_WARN_INT_CONVERSION = YES;
				CLANG_WARN_NON_LITERAL_NULL_CONVERSION = YES;
				CLANG_WARN_OBJC_IMPLICIT_RETAIN_SELF = YES;
				CLANG_WARN_OBJC_LITERAL_CONVERSION = YES;
				CLANG_WARN_OBJC_ROOT_CLASS = YES_ERROR;
				CLANG_WARN_QUOTED_INCLUDE_IN_FRAMEWORK_HEADER = YES;
				CLANG_WARN_RANGE_LOOP_ANALYSIS = YES;
				CLANG_WARN_STRICT_PROTOTYPES = YES;
				CLANG_WARN_SUSPICIOUS_MOVE = YES;
				CLANG_WARN_UNGUARDED_AVAILABILITY = YES_AGGRESSIVE;
				CLANG_WARN_UNREACHABLE_CODE = YES;
				CLANG_WARN__DUPLICATE_METHOD_MATCH = YES;
				COPY_PHASE_STRIP = NO;
				DEBUG_INFORMATION_FORMAT = dwarf;
				ENABLE_STRICT_OBJC_MSGSEND = YES;
				ENABLE_TESTABILITY = YES;
				GCC_C_LANGUAGE_STANDARD = gnu11;
				GCC_DYNAMIC_NO_PIC = NO;
				GCC_NO_COMMON_BLOCKS = YES;
				GCC_OPTIMIZATION_LEVEL = 0;
				GCC_PREPROCESSOR_DEFINITIONS = (
					"DEBUG=1",
					"$(inherited)",
				);
				GCC_WARN_64_TO_32_BIT_CONVERSION = YES;
				GCC_WARN_ABOUT_RETURN_TYPE = YES_ERROR;
				GCC_WARN_UNDECLARED_SELECTOR = YES;
				GCC_WARN_UNINITIALIZED_AUTOS = YES_AGGRESSIVE;
				GCC_WARN_UNUSED_FUNCTION = YES;
				GCC_WARN_UNUSED_VARIABLE = YES;
				IPHONEOS_DEPLOYMENT_TARGET = 14.5;
				MTL_ENABLE_DEBUG_INFO = INCLUDE_SOURCE;
				MTL_FAST_MATH = YES;
				ONLY_ACTIVE_ARCH = YES;
				SDKROOT = iphoneos;
				SWIFT_ACTIVE_COMPILATION_CONDITIONS = DEBUG;
				SWIFT_OPTIMIZATION_LEVEL = "-Onone";
			};
			name = Debug;
		};
		D753145B2660E1D700477790 /* Release */ = {
			isa = XCBuildConfiguration;
			buildSettings = {
				ALWAYS_SEARCH_USER_PATHS = NO;
				CLANG_ANALYZER_NONNULL = YES;
				CLANG_ANALYZER_NUMBER_OBJECT_CONVERSION = YES_AGGRESSIVE;
				CLANG_CXX_LANGUAGE_STANDARD = "gnu++14";
				CLANG_CXX_LIBRARY = "libc++";
				CLANG_ENABLE_MODULES = YES;
				CLANG_ENABLE_OBJC_ARC = YES;
				CLANG_ENABLE_OBJC_WEAK = YES;
				CLANG_WARN_BLOCK_CAPTURE_AUTORELEASING = YES;
				CLANG_WARN_BOOL_CONVERSION = YES;
				CLANG_WARN_COMMA = YES;
				CLANG_WARN_CONSTANT_CONVERSION = YES;
				CLANG_WARN_DEPRECATED_OBJC_IMPLEMENTATIONS = YES;
				CLANG_WARN_DIRECT_OBJC_ISA_USAGE = YES_ERROR;
				CLANG_WARN_DOCUMENTATION_COMMENTS = YES;
				CLANG_WARN_EMPTY_BODY = YES;
				CLANG_WARN_ENUM_CONVERSION = YES;
				CLANG_WARN_INFINITE_RECURSION = YES;
				CLANG_WARN_INT_CONVERSION = YES;
				CLANG_WARN_NON_LITERAL_NULL_CONVERSION = YES;
				CLANG_WARN_OBJC_IMPLICIT_RETAIN_SELF = YES;
				CLANG_WARN_OBJC_LITERAL_CONVERSION = YES;
				CLANG_WARN_OBJC_ROOT_CLASS = YES_ERROR;
				CLANG_WARN_QUOTED_INCLUDE_IN_FRAMEWORK_HEADER = YES;
				CLANG_WARN_RANGE_LOOP_ANALYSIS = YES;
				CLANG_WARN_STRICT_PROTOTYPES = YES;
				CLANG_WARN_SUSPICIOUS_MOVE = YES;
				CLANG_WARN_UNGUARDED_AVAILABILITY = YES_AGGRESSIVE;
				CLANG_WARN_UNREACHABLE_CODE = YES;
				CLANG_WARN__DUPLICATE_METHOD_MATCH = YES;
				COPY_PHASE_STRIP = NO;
				DEBUG_INFORMATION_FORMAT = "dwarf-with-dsym";
				ENABLE_NS_ASSERTIONS = NO;
				ENABLE_STRICT_OBJC_MSGSEND = YES;
				GCC_C_LANGUAGE_STANDARD = gnu11;
				GCC_NO_COMMON_BLOCKS = YES;
				GCC_WARN_64_TO_32_BIT_CONVERSION = YES;
				GCC_WARN_ABOUT_RETURN_TYPE = YES_ERROR;
				GCC_WARN_UNDECLARED_SELECTOR = YES;
				GCC_WARN_UNINITIALIZED_AUTOS = YES_AGGRESSIVE;
				GCC_WARN_UNUSED_FUNCTION = YES;
				GCC_WARN_UNUSED_VARIABLE = YES;
				IPHONEOS_DEPLOYMENT_TARGET = 14.5;
				MTL_ENABLE_DEBUG_INFO = NO;
				MTL_FAST_MATH = YES;
				SDKROOT = iphoneos;
				SWIFT_COMPILATION_MODE = wholemodule;
				SWIFT_OPTIMIZATION_LEVEL = "-O";
				VALIDATE_PRODUCT = YES;
			};
			name = Release;
		};
		D753145D2660E1D700477790 /* Debug */ = {
			isa = XCBuildConfiguration;
			buildSettings = {
				ASSETCATALOG_COMPILER_APPICON_NAME = AppIcon;
				ASSETCATALOG_COMPILER_GLOBAL_ACCENT_COLOR_NAME = AccentColor;
				CODE_SIGN_STYLE = Automatic;
				DEVELOPMENT_TEAM = QX52J3N4KM;
				INFOPLIST_FILE = GIConsoleExample/Info.plist;
				IPHONEOS_DEPLOYMENT_TARGET = 11.0;
				LD_RUNPATH_SEARCH_PATHS = (
					"$(inherited)",
					"@executable_path/Frameworks",
				);
				PRODUCT_BUNDLE_IDENTIFIER = ru.sitesoftenterprise.GIConsoleExample;
				PRODUCT_NAME = "$(TARGET_NAME)";
				SWIFT_VERSION = 5.0;
				TARGETED_DEVICE_FAMILY = "1,2";
			};
			name = Debug;
		};
		D753145E2660E1D700477790 /* Release */ = {
			isa = XCBuildConfiguration;
			buildSettings = {
				ASSETCATALOG_COMPILER_APPICON_NAME = AppIcon;
				ASSETCATALOG_COMPILER_GLOBAL_ACCENT_COLOR_NAME = AccentColor;
				CODE_SIGN_STYLE = Automatic;
				DEVELOPMENT_TEAM = QX52J3N4KM;
				INFOPLIST_FILE = GIConsoleExample/Info.plist;
				IPHONEOS_DEPLOYMENT_TARGET = 11.0;
				LD_RUNPATH_SEARCH_PATHS = (
					"$(inherited)",
					"@executable_path/Frameworks",
				);
				PRODUCT_BUNDLE_IDENTIFIER = ru.sitesoftenterprise.GIConsoleExample;
				PRODUCT_NAME = "$(TARGET_NAME)";
				SWIFT_VERSION = 5.0;
				TARGETED_DEVICE_FAMILY = "1,2";
			};
			name = Release;
		};
/* End XCBuildConfiguration section */

/* Begin XCConfigurationList section */
		D75314432660E1D600477790 /* Build configuration list for PBXProject "GIConsoleExample" */ = {
			isa = XCConfigurationList;
			buildConfigurations = (
				D753145A2660E1D700477790 /* Debug */,
				D753145B2660E1D700477790 /* Release */,
			);
			defaultConfigurationIsVisible = 0;
			defaultConfigurationName = Release;
		};
		D753145C2660E1D700477790 /* Build configuration list for PBXNativeTarget "GIConsoleExample" */ = {
			isa = XCConfigurationList;
			buildConfigurations = (
				D753145D2660E1D700477790 /* Debug */,
				D753145E2660E1D700477790 /* Release */,
			);
			defaultConfigurationIsVisible = 0;
			defaultConfigurationName = Release;
		};
/* End XCConfigurationList section */

/* Begin XCRemoteSwiftPackageReference section */
		D7BD76192665078A00A28158 /* XCRemoteSwiftPackageReference "GIAppDebugConsole" */ = {
			isa = XCRemoteSwiftPackageReference;
			repositoryURL = "https://github.com/Dalein/GIAppDebugConsole.git";
			requirement = {
				kind = upToNextMajorVersion;
				minimumVersion = 0.5.0;
			};
		};
/* End XCRemoteSwiftPackageReference section */

/* Begin XCSwiftPackageProductDependency section */
		D7BD761A2665078A00A28158 /* GIAppDebugConsole */ = {
			isa = XCSwiftPackageProductDependency;
			package = D7BD76192665078A00A28158 /* XCRemoteSwiftPackageReference "GIAppDebugConsole" */;
			productName = GIAppDebugConsole;
		};
/* End XCSwiftPackageProductDependency section */
	};
	rootObject = D75314402660E1D600477790 /* Project object */;
}
