{
  "object": {
    "pins": [
      {
        "package": "GIAppDebugConsole",
        "repositoryURL": "https://github.com/Dalein/GIAppDebugConsole.git",
        "state": {
          "branch": null,
          "revision": "408fc1764a91e4302f72249305f185efc910e8e5",
          "version": "0.6.0"
        }
      }
    ]
  },
  "version": 1
}
