{
  "object": {
    "pins": [
      {
        "package": "GIAppDebugConsole",
        "repositoryURL": "https://github.com/Dalein/GIAppDebugConsole.git",
        "state": {
          "branch": null,
          "revision": "248bee524fcfebb174bfe927d9875f8be4ee568a",
          "version": "0.5.4"
        }
      }
    ]
  },
  "version": 1
}
